
Microsoft Visual Studio Solution File, Format Version 12.00
# Visual Studio Version 16
VisualStudioVersion = 16.0.31129.286
MinimumVisualStudioVersion = 10.0.40219.1
Project("{9A19103F-16F7-4668-BE54-9A1E7A4F7556}") = "gestionRelationClient(NEPASUTILISER)", "gestionRelationClient\gestionRelationClient(NEPASUTILISER).csproj", "{32EF349C-F6D3-4ADB-8A74-4794B9E22427}"
EndProject
Project("{9A19103F-16F7-4668-BE54-9A1E7A4F7556}") = "GestionClientAPI", "GestionClientAPI\GestionClientAPI.csproj", "{A5E00C7C-350A-47EA-9F91-FB28EE7023DD}"
EndProject
Project("{9A19103F-16F7-4668-BE54-9A1E7A4F7556}") = "GestionClientWPF", "GestionClientWPF\GestionClientWPF.csproj", "{52CA9605-9CA5-422B-944C-4959BA5B8879}"
EndProject
Global
	GlobalSection(SolutionConfigurationPlatforms) = preSolution
		Debug|Any CPU = Debug|Any CPU
		Release|Any CPU = Release|Any CPU
	EndGlobalSection
	GlobalSection(ProjectConfigurationPlatforms) = postSolution
		{32EF349C-F6D3-4ADB-8A74-4794B9E22427}.Debug|Any CPU.ActiveCfg = Debug|Any CPU
		{32EF349C-F6D3-4ADB-8A74-4794B9E22427}.Debug|Any CPU.Build.0 = Debug|Any CPU
		{32EF349C-F6D3-4ADB-8A74-4794B9E22427}.Release|Any CPU.ActiveCfg = Release|Any CPU
		{32EF349C-F6D3-4ADB-8A74-4794B9E22427}.Release|Any CPU.Build.0 = Release|Any CPU
		{A5E00C7C-350A-47EA-9F91-FB28EE7023DD}.Debug|Any CPU.ActiveCfg = Debug|Any CPU
		{A5E00C7C-350A-47EA-9F91-FB28EE7023DD}.Debug|Any CPU.Build.0 = Debug|Any CPU
		{A5E00C7C-350A-47EA-9F91-FB28EE7023DD}.Release|Any CPU.ActiveCfg = Release|Any CPU
		{A5E00C7C-350A-47EA-9F91-FB28EE7023DD}.Release|Any CPU.Build.0 = Release|Any CPU
		{52CA9605-9CA5-422B-944C-4959BA5B8879}.Debug|Any CPU.ActiveCfg = Debug|Any CPU
		{52CA9605-9CA5-422B-944C-4959BA5B8879}.Debug|Any CPU.Build.0 = Debug|Any CPU
		{52CA9605-9CA5-422B-944C-4959BA5B8879}.Release|Any CPU.ActiveCfg = Release|Any CPU
		{52CA9605-9CA5-422B-944C-4959BA5B8879}.Release|Any CPU.Build.0 = Release|Any CPU
	EndGlobalSection
	GlobalSection(SolutionProperties) = preSolution
		HideSolutionNode = FALSE
	EndGlobalSection
	GlobalSection(ExtensibilityGlobals) = postSolution
		SolutionGuid = {78B7240C-7373-48CB-8FE5-3E101DAF3EA2}
	EndGlobalSection
EndGlobal
